
Microsoft Visual Studio Solution File, Format Version 12.00
# Visual Studio Version 17
VisualStudioVersion = 17.5.002.0
MinimumVisualStudioVersion = 10.0.40219.1
Project("{9A19103F-16F7-4668-BE54-9A1E7A4F7556}") = "PastebinPage", "PastebinPage\PastebinPage.csproj", "{BD111656-A7FB-44FE-98BB-2A061B789AFE}"
EndProject
Project("{FAE04EC0-301F-11D3-BF4B-00C04F79EFBC}") = "Tests", "Tests\Tests.csproj", "{F7D0469C-CF30-4619-9A8A-8E0F054688B0}"
EndProject
Global
	GlobalSection(SolutionConfigurationPlatforms) = preSolution
		Debug|Any CPU = Debug|Any CPU
		Release|Any CPU = Release|Any CPU
	EndGlobalSection
	GlobalSection(ProjectConfigurationPlatforms) = postSolution
		{BD111656-A7FB-44FE-98BB-2A061B789AFE}.Debug|Any CPU.ActiveCfg = Debug|Any CPU
		{BD111656-A7FB-44FE-98BB-2A061B789AFE}.Debug|Any CPU.Build.0 = Debug|Any CPU
		{BD111656-A7FB-44FE-98BB-2A061B789AFE}.Release|Any CPU.ActiveCfg = Release|Any CPU
		{BD111656-A7FB-44FE-98BB-2A061B789AFE}.Release|Any CPU.Build.0 = Release|Any CPU
		{F7D0469C-CF30-4619-9A8A-8E0F054688B0}.Debug|Any CPU.ActiveCfg = Debug|Any CPU
		{F7D0469C-CF30-4619-9A8A-8E0F054688B0}.Debug|Any CPU.Build.0 = Debug|Any CPU
		{F7D0469C-CF30-4619-9A8A-8E0F054688B0}.Release|Any CPU.ActiveCfg = Release|Any CPU
		{F7D0469C-CF30-4619-9A8A-8E0F054688B0}.Release|Any CPU.Build.0 = Release|Any CPU
	EndGlobalSection
	GlobalSection(SolutionProperties) = preSolution
		HideSolutionNode = FALSE
	EndGlobalSection
	GlobalSection(ExtensibilityGlobals) = postSolution
		SolutionGuid = {C0311BB8-DF96-4EDB-9088-6187473539C3}
	EndGlobalSection
EndGlobal
